
Microsoft Visual Studio Solution File, Format Version 12.00
# Visual Studio 15
VisualStudioVersion = 15.0.28307.329
MinimumVisualStudioVersion = 10.0.40219.1
Project("{FAE04EC0-301F-11D3-BF4B-00C04F79EFBC}") = "Task 2", "Task 2\Task 2.csproj", "{7FD0EC76-501A-46F2-8D36-D06B0C7B24B6}"
EndProject
Global
	GlobalSection(SolutionConfigurationPlatforms) = preSolution
		Debug|Any CPU = Debug|Any CPU
		Release|Any CPU = Release|Any CPU
	EndGlobalSection
	GlobalSection(ProjectConfigurationPlatforms) = postSolution
		{7FD0EC76-501A-46F2-8D36-D06B0C7B24B6}.Debug|Any CPU.ActiveCfg = Debug|Any CPU
		{7FD0EC76-501A-46F2-8D36-D06B0C7B24B6}.Debug|Any CPU.Build.0 = Debug|Any CPU
		{7FD0EC76-501A-46F2-8D36-D06B0C7B24B6}.Release|Any CPU.ActiveCfg = Release|Any CPU
		{7FD0EC76-501A-46F2-8D36-D06B0C7B24B6}.Release|Any CPU.Build.0 = Release|Any CPU
	EndGlobalSection
	GlobalSection(SolutionProperties) = preSolution
		HideSolutionNode = FALSE
	EndGlobalSection
	GlobalSection(ExtensibilityGlobals) = postSolution
		SolutionGuid = {0AAEFA3D-351A-4B30-AD02-6A49F6B65CF8}
	EndGlobalSection
EndGlobal
